{
  "name": "vue-i18n-mini",
  "version": "1.0.1",
  "lockfileVersion": 2,
  "requires": true,
  "packages": {
    "": {
      "version": "1.0.1",
      "license": "MIT",
      "dependencies": {
        "js-cookie": "^3.0.0",
        "lodash": "^4.17.21",
        "vue": "^3.0.5"
      },
      "peerDependencies": {
        "vue-router": "^4.0.10"
      }
    },
    "node_modules/@babel/helper-validator-identifier": {
      "version": "7.14.9",
      "resolved": "https://registry.npmjs.org/@babel/helper-validator-identifier/-/helper-validator-identifier-7.14.9.tgz",
      "integrity": "sha512-pQYxPY0UP6IHISRitNe8bsijHex4TWZXi2HwKVsjPiltzlhse2znVcm9Ace510VT1kxIHjGJCZZQBX2gJDbo0g==",
      "engines": {
        "node": ">=6.9.0"
      }
    },
    "node_modules/@babel/parser": {
      "version": "7.15.3",
      "resolved": "https://registry.npmjs.org/@babel/parser/-/parser-7.15.3.tgz",
      "integrity": "sha512-O0L6v/HvqbdJawj0iBEfVQMc3/6WP+AeOsovsIgBFyJaG+W2w7eqvZB7puddATmWuARlm1SX7DwxJ/JJUnDpEA==",
      "bin": {
        "parser": "bin/babel-parser.js"
      },
      "engines": {
        "node": ">=6.0.0"
      }
    },
    "node_modules/@babel/types": {
      "version": "7.15.0",
      "resolved": "https://registry.npmjs.org/@babel/types/-/types-7.15.0.tgz",
      "integrity": "sha512-OBvfqnllOIdX4ojTHpwZbpvz4j3EWyjkZEdmjH0/cgsd6QOdSgU8rLSk6ard/pcW7rlmjdVSX/AWOaORR1uNOQ==",
      "dependencies": {
        "@babel/helper-validator-identifier": "^7.14.9",
        "to-fast-properties": "^2.0.0"
      },
      "engines": {
        "node": ">=6.9.0"
      }
    },
    "node_modules/@vue/compiler-core": {
      "version": "3.2.2",
      "resolved": "https://registry.npmjs.org/@vue/compiler-core/-/compiler-core-3.2.2.tgz",
      "integrity": "sha512-QhCI0ZU5nAR0LMcLgzW3v75374tIrHGp8XG5CzJS7Nsy+iuignbE4MZ2XJfh5TGIrtpuzfWA4eTIfukZf/cRdg==",
      "dependencies": {
        "@babel/parser": "^7.12.0",
        "@babel/types": "^7.12.0",
        "@vue/shared": "3.2.2",
        "estree-walker": "^2.0.1",
        "source-map": "^0.6.1"
      }
    },
    "node_modules/@vue/compiler-dom": {
      "version": "3.2.2",
      "resolved": "https://registry.npmjs.org/@vue/compiler-dom/-/compiler-dom-3.2.2.tgz",
      "integrity": "sha512-ggcc+NV/ENIE0Uc3TxVE/sKrhYVpLepMAAmEiQ047332mbKOvUkowz4TTFZ+YkgOIuBOPP0XpCxmCMg7p874mA==",
      "dependencies": {
        "@vue/compiler-core": "3.2.2",
        "@vue/shared": "3.2.2"
      }
    },
    "node_modules/@vue/devtools-api": {
      "version": "6.0.0-beta.15",
      "resolved": "https://registry.npmjs.org/@vue/devtools-api/-/devtools-api-6.0.0-beta.15.tgz",
      "integrity": "sha512-quBx4Jjpexo6KDiNUGFr/zF/2A4srKM9S9v2uHgMXSU//hjgq1eGzqkIFql8T9gfX5ZaVOUzYBP3jIdIR3PKIA==",
      "peer": true
    },
    "node_modules/@vue/reactivity": {
      "version": "3.2.2",
      "resolved": "https://registry.npmjs.org/@vue/reactivity/-/reactivity-3.2.2.tgz",
      "integrity": "sha512-IHjhtmrhK6dzacj/EnLQDWOaA3HuzzVk6w84qgV8EpS4uWGIJXiRalMRg6XvGW2ykJvIl3pLsF0aBFlTMRiLOA==",
      "dependencies": {
        "@vue/shared": "3.2.2"
      }
    },
    "node_modules/@vue/runtime-core": {
      "version": "3.2.2",
      "resolved": "https://registry.npmjs.org/@vue/runtime-core/-/runtime-core-3.2.2.tgz",
      "integrity": "sha512-/aUk1+GO/VPX0oVxhbzSWE1zrf3/wGCsO1ALNisVokYftKqfqLDjbJHE6mrI2hx3MiuwbHrWjJClkGUVTIOPEQ==",
      "dependencies": {
        "@vue/reactivity": "3.2.2",
        "@vue/shared": "3.2.2"
      }
    },
    "node_modules/@vue/runtime-dom": {
      "version": "3.2.2",
      "resolved": "https://registry.npmjs.org/@vue/runtime-dom/-/runtime-dom-3.2.2.tgz",
      "integrity": "sha512-1Le/NpCfawCOfePfJezvWUF+oCVLU8N+IHN4oFDOxRe6/PgHNJ+yT+YdxFifBfI+TIAoXI/9PsnqzmJZV+xsmw==",
      "dependencies": {
        "@vue/runtime-core": "3.2.2",
        "@vue/shared": "3.2.2",
        "csstype": "^2.6.8"
      }
    },
    "node_modules/@vue/shared": {
      "version": "3.2.2",
      "resolved": "https://registry.npmjs.org/@vue/shared/-/shared-3.2.2.tgz",
      "integrity": "sha512-dvYb318tk9uOzHtSaT3WII/HscQSIRzoCZ5GyxEb3JlkEXASpAUAQwKnvSe2CudnF8XHFRTB7VITWSnWNLZUtA=="
    },
    "node_modules/csstype": {
      "version": "2.6.17",
      "resolved": "https://registry.npmjs.org/csstype/-/csstype-2.6.17.tgz",
      "integrity": "sha512-u1wmTI1jJGzCJzWndZo8mk4wnPTZd1eOIYTYvuEyOQGfmDl3TrabCCfKnOC86FZwW/9djqTl933UF/cS425i9A=="
    },
    "node_modules/estree-walker": {
      "version": "2.0.2",
      "resolved": "https://registry.npmjs.org/estree-walker/-/estree-walker-2.0.2.tgz",
      "integrity": "sha512-Rfkk/Mp/DL7JVje3u18FxFujQlTNR2q6QfMSMB7AvCBx91NGj/ba3kCfza0f6dVDbw7YlRf/nDrn7pQrCCyQ/w=="
    },
    "node_modules/js-cookie": {
      "version": "3.0.0",
      "resolved": "https://registry.npmjs.org/js-cookie/-/js-cookie-3.0.0.tgz",
      "integrity": "sha512-oUbbplKuH07/XX2YD2+Q+GMiPpnVXaRz8npE7suhBH9QEkJe2W7mQ6rwuMXHue3fpfcftQwzgyvGzIHyfCSngQ==",
      "engines": {
        "node": ">=12"
      }
    },
    "node_modules/lodash": {
      "version": "4.17.21",
      "resolved": "https://registry.npmjs.org/lodash/-/lodash-4.17.21.tgz",
      "integrity": "sha512-v2kDEe57lecTulaDIuNTPy3Ry4gLGJ6Z1O3vE1krgXZNrsQ+LFTGHVxVjcXPs17LhbZVGedAJv8XZ1tvj5FvSg=="
    },
    "node_modules/source-map": {
      "version": "0.6.1",
      "resolved": "https://registry.npmjs.org/source-map/-/source-map-0.6.1.tgz",
      "integrity": "sha512-UjgapumWlbMhkBgzT7Ykc5YXUT46F0iKu8SGXq0bcwP5dz/h0Plj6enJqjz1Zbq2l5WaqYnrVbwWOWMyF3F47g==",
      "engines": {
        "node": ">=0.10.0"
      }
    },
    "node_modules/to-fast-properties": {
      "version": "2.0.0",
      "resolved": "https://registry.npmjs.org/to-fast-properties/-/to-fast-properties-2.0.0.tgz",
      "integrity": "sha1-3F5pjL0HkmW8c+A3doGk5Og/YW4=",
      "engines": {
        "node": ">=4"
      }
    },
    "node_modules/vue": {
      "version": "3.2.2",
      "resolved": "https://registry.npmjs.org/vue/-/vue-3.2.2.tgz",
      "integrity": "sha512-D/LuzAV30CgNJYGyNheE/VUs5N4toL2IgmS6c9qeOxvyh0xyn4exyRqizpXIrsvfx34zG9x5gCI2tdRHCGvF9w==",
      "dependencies": {
        "@vue/compiler-dom": "3.2.2",
        "@vue/runtime-dom": "3.2.2",
        "@vue/shared": "3.2.2"
      }
    },
    "node_modules/vue-router": {
      "version": "4.0.11",
      "resolved": "https://registry.npmjs.org/vue-router/-/vue-router-4.0.11.tgz",
      "integrity": "sha512-sha6I8fx9HWtvTrFZfxZkiQQBpqSeT+UCwauYjkdOQYRvwsGwimlQQE2ayqUwuuXGzquFpCPoXzYKWlzL4OuXg==",
      "peer": true,
      "dependencies": {
        "@vue/devtools-api": "^6.0.0-beta.14"
      },
      "peerDependencies": {
        "vue": "^3.0.0"
      }
    }
  },
  "dependencies": {
    "@babel/helper-validator-identifier": {
      "version": "7.14.9",
      "resolved": "https://registry.npmjs.org/@babel/helper-validator-identifier/-/helper-validator-identifier-7.14.9.tgz",
      "integrity": "sha512-pQYxPY0UP6IHISRitNe8bsijHex4TWZXi2HwKVsjPiltzlhse2znVcm9Ace510VT1kxIHjGJCZZQBX2gJDbo0g=="
    },
    "@babel/parser": {
      "version": "7.15.3",
      "resolved": "https://registry.npmjs.org/@babel/parser/-/parser-7.15.3.tgz",
      "integrity": "sha512-O0L6v/HvqbdJawj0iBEfVQMc3/6WP+AeOsovsIgBFyJaG+W2w7eqvZB7puddATmWuARlm1SX7DwxJ/JJUnDpEA=="
    },
    "@babel/types": {
      "version": "7.15.0",
      "resolved": "https://registry.npmjs.org/@babel/types/-/types-7.15.0.tgz",
      "integrity": "sha512-OBvfqnllOIdX4ojTHpwZbpvz4j3EWyjkZEdmjH0/cgsd6QOdSgU8rLSk6ard/pcW7rlmjdVSX/AWOaORR1uNOQ==",
      "requires": {
        "@babel/helper-validator-identifier": "^7.14.9",
        "to-fast-properties": "^2.0.0"
      }
    },
    "@vue/compiler-core": {
      "version": "3.2.2",
      "resolved": "https://registry.npmjs.org/@vue/compiler-core/-/compiler-core-3.2.2.tgz",
      "integrity": "sha512-QhCI0ZU5nAR0LMcLgzW3v75374tIrHGp8XG5CzJS7Nsy+iuignbE4MZ2XJfh5TGIrtpuzfWA4eTIfukZf/cRdg==",
      "requires": {
        "@babel/parser": "^7.12.0",
        "@babel/types": "^7.12.0",
        "@vue/shared": "3.2.2",
        "estree-walker": "^2.0.1",
        "source-map": "^0.6.1"
      }
    },
    "@vue/compiler-dom": {
      "version": "3.2.2",
      "resolved": "https://registry.npmjs.org/@vue/compiler-dom/-/compiler-dom-3.2.2.tgz",
      "integrity": "sha512-ggcc+NV/ENIE0Uc3TxVE/sKrhYVpLepMAAmEiQ047332mbKOvUkowz4TTFZ+YkgOIuBOPP0XpCxmCMg7p874mA==",
      "requires": {
        "@vue/compiler-core": "3.2.2",
        "@vue/shared": "3.2.2"
      }
    },
    "@vue/devtools-api": {
      "version": "6.0.0-beta.15",
      "resolved": "https://registry.npmjs.org/@vue/devtools-api/-/devtools-api-6.0.0-beta.15.tgz",
      "integrity": "sha512-quBx4Jjpexo6KDiNUGFr/zF/2A4srKM9S9v2uHgMXSU//hjgq1eGzqkIFql8T9gfX5ZaVOUzYBP3jIdIR3PKIA==",
      "peer": true
    },
    "@vue/reactivity": {
      "version": "3.2.2",
      "resolved": "https://registry.npmjs.org/@vue/reactivity/-/reactivity-3.2.2.tgz",
      "integrity": "sha512-IHjhtmrhK6dzacj/EnLQDWOaA3HuzzVk6w84qgV8EpS4uWGIJXiRalMRg6XvGW2ykJvIl3pLsF0aBFlTMRiLOA==",
      "requires": {
        "@vue/shared": "3.2.2"
      }
    },
    "@vue/runtime-core": {
      "version": "3.2.2",
      "resolved": "https://registry.npmjs.org/@vue/runtime-core/-/runtime-core-3.2.2.tgz",
      "integrity": "sha512-/aUk1+GO/VPX0oVxhbzSWE1zrf3/wGCsO1ALNisVokYftKqfqLDjbJHE6mrI2hx3MiuwbHrWjJClkGUVTIOPEQ==",
      "requires": {
        "@vue/reactivity": "3.2.2",
        "@vue/shared": "3.2.2"
      }
    },
    "@vue/runtime-dom": {
      "version": "3.2.2",
      "resolved": "https://registry.npmjs.org/@vue/runtime-dom/-/runtime-dom-3.2.2.tgz",
      "integrity": "sha512-1Le/NpCfawCOfePfJezvWUF+oCVLU8N+IHN4oFDOxRe6/PgHNJ+yT+YdxFifBfI+TIAoXI/9PsnqzmJZV+xsmw==",
      "requires": {
        "@vue/runtime-core": "3.2.2",
        "@vue/shared": "3.2.2",
        "csstype": "^2.6.8"
      }
    },
    "@vue/shared": {
      "version": "3.2.2",
      "resolved": "https://registry.npmjs.org/@vue/shared/-/shared-3.2.2.tgz",
      "integrity": "sha512-dvYb318tk9uOzHtSaT3WII/HscQSIRzoCZ5GyxEb3JlkEXASpAUAQwKnvSe2CudnF8XHFRTB7VITWSnWNLZUtA=="
    },
    "csstype": {
      "version": "2.6.17",
      "resolved": "https://registry.npmjs.org/csstype/-/csstype-2.6.17.tgz",
      "integrity": "sha512-u1wmTI1jJGzCJzWndZo8mk4wnPTZd1eOIYTYvuEyOQGfmDl3TrabCCfKnOC86FZwW/9djqTl933UF/cS425i9A=="
    },
    "estree-walker": {
      "version": "2.0.2",
      "resolved": "https://registry.npmjs.org/estree-walker/-/estree-walker-2.0.2.tgz",
      "integrity": "sha512-Rfkk/Mp/DL7JVje3u18FxFujQlTNR2q6QfMSMB7AvCBx91NGj/ba3kCfza0f6dVDbw7YlRf/nDrn7pQrCCyQ/w=="
    },
    "js-cookie": {
      "version": "3.0.0",
      "resolved": "https://registry.npmjs.org/js-cookie/-/js-cookie-3.0.0.tgz",
      "integrity": "sha512-oUbbplKuH07/XX2YD2+Q+GMiPpnVXaRz8npE7suhBH9QEkJe2W7mQ6rwuMXHue3fpfcftQwzgyvGzIHyfCSngQ=="
    },
    "lodash": {
      "version": "4.17.21",
      "resolved": "https://registry.npmjs.org/lodash/-/lodash-4.17.21.tgz",
      "integrity": "sha512-v2kDEe57lecTulaDIuNTPy3Ry4gLGJ6Z1O3vE1krgXZNrsQ+LFTGHVxVjcXPs17LhbZVGedAJv8XZ1tvj5FvSg=="
    },
    "source-map": {
      "version": "0.6.1",
      "resolved": "https://registry.npmjs.org/source-map/-/source-map-0.6.1.tgz",
      "integrity": "sha512-UjgapumWlbMhkBgzT7Ykc5YXUT46F0iKu8SGXq0bcwP5dz/h0Plj6enJqjz1Zbq2l5WaqYnrVbwWOWMyF3F47g=="
    },
    "to-fast-properties": {
      "version": "2.0.0",
      "resolved": "https://registry.npmjs.org/to-fast-properties/-/to-fast-properties-2.0.0.tgz",
      "integrity": "sha1-3F5pjL0HkmW8c+A3doGk5Og/YW4="
    },
    "vue": {
      "version": "3.2.2",
      "resolved": "https://registry.npmjs.org/vue/-/vue-3.2.2.tgz",
      "integrity": "sha512-D/LuzAV30CgNJYGyNheE/VUs5N4toL2IgmS6c9qeOxvyh0xyn4exyRqizpXIrsvfx34zG9x5gCI2tdRHCGvF9w==",
      "requires": {
        "@vue/compiler-dom": "3.2.2",
        "@vue/runtime-dom": "3.2.2",
        "@vue/shared": "3.2.2"
      }
    },
    "vue-router": {
      "version": "4.0.11",
      "resolved": "https://registry.npmjs.org/vue-router/-/vue-router-4.0.11.tgz",
      "integrity": "sha512-sha6I8fx9HWtvTrFZfxZkiQQBpqSeT+UCwauYjkdOQYRvwsGwimlQQE2ayqUwuuXGzquFpCPoXzYKWlzL4OuXg==",
      "peer": true,
      "requires": {
        "@vue/devtools-api": "^6.0.0-beta.14"
      }
    }
  }
}
